
Microsoft Visual Studio Solution File, Format Version 12.00
# Visual Studio Version 16
VisualStudioVersion = 16.0.30717.126
MinimumVisualStudioVersion = 10.0.40219.1
Project("{9A19103F-16F7-4668-BE54-9A1E7A4F7556}") = "CastGroup.Infra.Data", "CastGroup.Infra.Data\CastGroup.Infra.Data.csproj", "{ABE5F26A-27DE-49AB-8DC0-33EFFD99F474}"
EndProject
Project("{9A19103F-16F7-4668-BE54-9A1E7A4F7556}") = "CastGroup.Domain", "CastGroup.Domain\CastGroup.Domain.csproj", "{4B621AAB-8888-4131-907B-E74D47C6B8C6}"
EndProject
Project("{9A19103F-16F7-4668-BE54-9A1E7A4F7556}") = "CastGroup.Api", "CastGroup.Api\CastGroup.Api.csproj", "{9A1F7F0E-E58A-42DF-8632-8770883CD49F}"
EndProject
Global
	GlobalSection(SolutionConfigurationPlatforms) = preSolution
		Debug|Any CPU = Debug|Any CPU
		Release|Any CPU = Release|Any CPU
	EndGlobalSection
	GlobalSection(ProjectConfigurationPlatforms) = postSolution
		{ABE5F26A-27DE-49AB-8DC0-33EFFD99F474}.Debug|Any CPU.ActiveCfg = Debug|Any CPU
		{ABE5F26A-27DE-49AB-8DC0-33EFFD99F474}.Debug|Any CPU.Build.0 = Debug|Any CPU
		{ABE5F26A-27DE-49AB-8DC0-33EFFD99F474}.Release|Any CPU.ActiveCfg = Release|Any CPU
		{ABE5F26A-27DE-49AB-8DC0-33EFFD99F474}.Release|Any CPU.Build.0 = Release|Any CPU
		{4B621AAB-8888-4131-907B-E74D47C6B8C6}.Debug|Any CPU.ActiveCfg = Debug|Any CPU
		{4B621AAB-8888-4131-907B-E74D47C6B8C6}.Debug|Any CPU.Build.0 = Debug|Any CPU
		{4B621AAB-8888-4131-907B-E74D47C6B8C6}.Release|Any CPU.ActiveCfg = Release|Any CPU
		{4B621AAB-8888-4131-907B-E74D47C6B8C6}.Release|Any CPU.Build.0 = Release|Any CPU
		{9A1F7F0E-E58A-42DF-8632-8770883CD49F}.Debug|Any CPU.ActiveCfg = Debug|Any CPU
		{9A1F7F0E-E58A-42DF-8632-8770883CD49F}.Debug|Any CPU.Build.0 = Debug|Any CPU
		{9A1F7F0E-E58A-42DF-8632-8770883CD49F}.Release|Any CPU.ActiveCfg = Release|Any CPU
		{9A1F7F0E-E58A-42DF-8632-8770883CD49F}.Release|Any CPU.Build.0 = Release|Any CPU
	EndGlobalSection
	GlobalSection(SolutionProperties) = preSolution
		HideSolutionNode = FALSE
	EndGlobalSection
	GlobalSection(ExtensibilityGlobals) = postSolution
		SolutionGuid = {9D57F2B3-6DD8-4310-9E89-BE00766FD5B6}
	EndGlobalSection
EndGlobal
